
Microsoft Visual Studio Solution File, Format Version 12.00
# Visual Studio Version 16
VisualStudioVersion = 16.0.31129.286
MinimumVisualStudioVersion = 10.0.40219.1
Project("{2150E333-8FDC-42A3-9474-1A3956D46DE8}") = "Services", "Services", "{C6F44DC2-670C-4374-A6EA-1AEE5DEECD9A}"
EndProject
Project("{2150E333-8FDC-42A3-9474-1A3956D46DE8}") = "Catalog", "Catalog", "{32508486-C6A7-429F-8989-126A05BCF0A2}"
EndProject
Project("{9A19103F-16F7-4668-BE54-9A1E7A4F7556}") = "Catalog.API", "Services\Catalog\Catalog.API\Catalog.API.csproj", "{5B9F95F8-4306-43A2-A7D4-ED43F205AB96}"
EndProject
Project("{E53339B2-1760-4266-BCC7-CA923CBCF16C}") = "docker-compose", "docker-compose.dcproj", "{CE9B175A-469E-4516-8E48-E247B5A9BB22}"
EndProject
Project("{2150E333-8FDC-42A3-9474-1A3956D46DE8}") = "Basket", "Basket", "{20F18034-A2B3-44F7-8F85-AA228FEBEE2D}"
EndProject
Project("{9A19103F-16F7-4668-BE54-9A1E7A4F7556}") = "Basket.API", "Services\Basket\Basket.API\Basket.API.csproj", "{31D01055-4BBF-4DBD-8A56-D3F4CF3AC6C7}"
EndProject
Project("{2150E333-8FDC-42A3-9474-1A3956D46DE8}") = "Discount", "Discount", "{340B94EB-B1A2-4F12-B5DB-C58D4B272070}"
EndProject
Project("{9A19103F-16F7-4668-BE54-9A1E7A4F7556}") = "Discount.API", "Services\Discount\Discount.API\Discount.API.csproj", "{56BFD17F-C8DC-4CD0-A1C0-1E1CC92C19B0}"
EndProject
Project("{FAE04EC0-301F-11D3-BF4B-00C04F79EFBC}") = "Discount.Grpc", "Services\Discount\Discount.Grpc\Discount.Grpc.csproj", "{5972260D-CB71-4494-8D7D-15C92C2D34D1}"
EndProject
Global
	GlobalSection(SolutionConfigurationPlatforms) = preSolution
		Debug|Any CPU = Debug|Any CPU
		Release|Any CPU = Release|Any CPU
	EndGlobalSection
	GlobalSection(ProjectConfigurationPlatforms) = postSolution
		{5B9F95F8-4306-43A2-A7D4-ED43F205AB96}.Debug|Any CPU.ActiveCfg = Debug|Any CPU
		{5B9F95F8-4306-43A2-A7D4-ED43F205AB96}.Debug|Any CPU.Build.0 = Debug|Any CPU
		{5B9F95F8-4306-43A2-A7D4-ED43F205AB96}.Release|Any CPU.ActiveCfg = Release|Any CPU
		{5B9F95F8-4306-43A2-A7D4-ED43F205AB96}.Release|Any CPU.Build.0 = Release|Any CPU
		{CE9B175A-469E-4516-8E48-E247B5A9BB22}.Debug|Any CPU.ActiveCfg = Debug|Any CPU
		{CE9B175A-469E-4516-8E48-E247B5A9BB22}.Debug|Any CPU.Build.0 = Debug|Any CPU
		{CE9B175A-469E-4516-8E48-E247B5A9BB22}.Release|Any CPU.ActiveCfg = Release|Any CPU
		{CE9B175A-469E-4516-8E48-E247B5A9BB22}.Release|Any CPU.Build.0 = Release|Any CPU
		{31D01055-4BBF-4DBD-8A56-D3F4CF3AC6C7}.Debug|Any CPU.ActiveCfg = Debug|Any CPU
		{31D01055-4BBF-4DBD-8A56-D3F4CF3AC6C7}.Debug|Any CPU.Build.0 = Debug|Any CPU
		{31D01055-4BBF-4DBD-8A56-D3F4CF3AC6C7}.Release|Any CPU.ActiveCfg = Release|Any CPU
		{31D01055-4BBF-4DBD-8A56-D3F4CF3AC6C7}.Release|Any CPU.Build.0 = Release|Any CPU
		{56BFD17F-C8DC-4CD0-A1C0-1E1CC92C19B0}.Debug|Any CPU.ActiveCfg = Debug|Any CPU
		{56BFD17F-C8DC-4CD0-A1C0-1E1CC92C19B0}.Debug|Any CPU.Build.0 = Debug|Any CPU
		{56BFD17F-C8DC-4CD0-A1C0-1E1CC92C19B0}.Release|Any CPU.ActiveCfg = Release|Any CPU
		{56BFD17F-C8DC-4CD0-A1C0-1E1CC92C19B0}.Release|Any CPU.Build.0 = Release|Any CPU
		{5972260D-CB71-4494-8D7D-15C92C2D34D1}.Debug|Any CPU.ActiveCfg = Debug|Any CPU
		{5972260D-CB71-4494-8D7D-15C92C2D34D1}.Debug|Any CPU.Build.0 = Debug|Any CPU
		{5972260D-CB71-4494-8D7D-15C92C2D34D1}.Release|Any CPU.ActiveCfg = Release|Any CPU
		{5972260D-CB71-4494-8D7D-15C92C2D34D1}.Release|Any CPU.Build.0 = Release|Any CPU
	EndGlobalSection
	GlobalSection(SolutionProperties) = preSolution
		HideSolutionNode = FALSE
	EndGlobalSection
	GlobalSection(NestedProjects) = preSolution
		{32508486-C6A7-429F-8989-126A05BCF0A2} = {C6F44DC2-670C-4374-A6EA-1AEE5DEECD9A}
		{5B9F95F8-4306-43A2-A7D4-ED43F205AB96} = {32508486-C6A7-429F-8989-126A05BCF0A2}
		{20F18034-A2B3-44F7-8F85-AA228FEBEE2D} = {C6F44DC2-670C-4374-A6EA-1AEE5DEECD9A}
		{31D01055-4BBF-4DBD-8A56-D3F4CF3AC6C7} = {20F18034-A2B3-44F7-8F85-AA228FEBEE2D}
		{340B94EB-B1A2-4F12-B5DB-C58D4B272070} = {C6F44DC2-670C-4374-A6EA-1AEE5DEECD9A}
		{56BFD17F-C8DC-4CD0-A1C0-1E1CC92C19B0} = {340B94EB-B1A2-4F12-B5DB-C58D4B272070}
		{5972260D-CB71-4494-8D7D-15C92C2D34D1} = {340B94EB-B1A2-4F12-B5DB-C58D4B272070}
	EndGlobalSection
	GlobalSection(ExtensibilityGlobals) = postSolution
		SolutionGuid = {9BF170E9-F67D-41B3-AB8C-63F267328E9D}
	EndGlobalSection
EndGlobal
