
Microsoft Visual Studio Solution File, Format Version 12.00
# Visual Studio Version 16
VisualStudioVersion = 16.0.31129.286
MinimumVisualStudioVersion = 10.0.40219.1
Project("{2150E333-8FDC-42A3-9474-1A3956D46DE8}") = "Services", "Services", "{C6F44DC2-670C-4374-A6EA-1AEE5DEECD9A}"
EndProject
Project("{2150E333-8FDC-42A3-9474-1A3956D46DE8}") = "Catalog", "Catalog", "{32508486-C6A7-429F-8989-126A05BCF0A2}"
EndProject
Project("{9A19103F-16F7-4668-BE54-9A1E7A4F7556}") = "Catalog.API", "Services\Catalog\Catalog.API\Catalog.API.csproj", "{5B9F95F8-4306-43A2-A7D4-ED43F205AB96}"
EndProject
Project("{E53339B2-1760-4266-BCC7-CA923CBCF16C}") = "docker-compose", "docker-compose.dcproj", "{CE9B175A-469E-4516-8E48-E247B5A9BB22}"
EndProject
Project("{2150E333-8FDC-42A3-9474-1A3956D46DE8}") = "Basket", "Basket", "{20F18034-A2B3-44F7-8F85-AA228FEBEE2D}"
EndProject
Project("{9A19103F-16F7-4668-BE54-9A1E7A4F7556}") = "Basket.API", "Services\Basket\Basket.API\Basket.API.csproj", "{31D01055-4BBF-4DBD-8A56-D3F4CF3AC6C7}"
EndProject
Project("{2150E333-8FDC-42A3-9474-1A3956D46DE8}") = "Discount", "Discount", "{340B94EB-B1A2-4F12-B5DB-C58D4B272070}"
EndProject
Project("{9A19103F-16F7-4668-BE54-9A1E7A4F7556}") = "Discount.API", "Services\Discount\Discount.API\Discount.API.csproj", "{56BFD17F-C8DC-4CD0-A1C0-1E1CC92C19B0}"
EndProject
Project("{9A19103F-16F7-4668-BE54-9A1E7A4F7556}") = "Discount.Grpc", "Services\Discount\Discount.Grpc\Discount.Grpc.csproj", "{5972260D-CB71-4494-8D7D-15C92C2D34D1}"
EndProject
Project("{2150E333-8FDC-42A3-9474-1A3956D46DE8}") = "Ordering", "Ordering", "{D7EA247C-AAAD-4B99-B26A-546E32EF095F}"
EndProject
Project("{9A19103F-16F7-4668-BE54-9A1E7A4F7556}") = "Ordering.API", "Services\Ordering\Ordering.API\Ordering.API.csproj", "{5559CCB1-61DC-4909-9D50-BEB33018248F}"
EndProject
Project("{9A19103F-16F7-4668-BE54-9A1E7A4F7556}") = "Ordering.Domain", "Services\Ordering\Ordering.Domain\Ordering.Domain.csproj", "{56DC7DEF-0ABD-40FF-953B-1EC8138B666F}"
EndProject
Project("{9A19103F-16F7-4668-BE54-9A1E7A4F7556}") = "Ordering.Application", "Services\Ordering\Ordering.Application\Ordering.Application.csproj", "{E04FED97-FE65-4493-90A4-5ADFC1175ACA}"
EndProject
Project("{9A19103F-16F7-4668-BE54-9A1E7A4F7556}") = "Ordering.Infrastructure", "Services\Ordering\Ordering.Infrastructure\Ordering.Infrastructure.csproj", "{7420D4E7-D504-451F-9666-77975506F132}"
EndProject
Project("{2150E333-8FDC-42A3-9474-1A3956D46DE8}") = "BuildingBlocks", "BuildingBlocks", "{3B51C1E4-B583-400F-9A75-37F11507C620}"
EndProject
Project("{9A19103F-16F7-4668-BE54-9A1E7A4F7556}") = "EventBus.Messages", "BuildingBlocks\EventBus.Messages\EventBus.Messages.csproj", "{1964305D-D0BF-4372-9AC7-480AE5C7D456}"
EndProject
Project("{2150E333-8FDC-42A3-9474-1A3956D46DE8}") = "ApiGateways", "ApiGateways", "{2F2EB4B4-C62A-4B6C-A59C-984C85947A8F}"
EndProject
Project("{9A19103F-16F7-4668-BE54-9A1E7A4F7556}") = "OcelotApiGw", "ApiGateways\OcelotApiGw\OcelotApiGw.csproj", "{B1FF514F-14E3-4819-8D38-98DAA7CB2138}"
EndProject
Project("{FAE04EC0-301F-11D3-BF4B-00C04F79EFBC}") = "Shopping.Aggregator", "ApiGateways\Shopping.Aggregator\Shopping.Aggregator.csproj", "{AB5F2D98-73EB-4EC6-A8B6-9DA07129673E}"
EndProject
Global
	GlobalSection(SolutionConfigurationPlatforms) = preSolution
		Debug|Any CPU = Debug|Any CPU
		Release|Any CPU = Release|Any CPU
	EndGlobalSection
	GlobalSection(ProjectConfigurationPlatforms) = postSolution
		{5B9F95F8-4306-43A2-A7D4-ED43F205AB96}.Debug|Any CPU.ActiveCfg = Debug|Any CPU
		{5B9F95F8-4306-43A2-A7D4-ED43F205AB96}.Debug|Any CPU.Build.0 = Debug|Any CPU
		{5B9F95F8-4306-43A2-A7D4-ED43F205AB96}.Release|Any CPU.ActiveCfg = Release|Any CPU
		{5B9F95F8-4306-43A2-A7D4-ED43F205AB96}.Release|Any CPU.Build.0 = Release|Any CPU
		{CE9B175A-469E-4516-8E48-E247B5A9BB22}.Debug|Any CPU.ActiveCfg = Debug|Any CPU
		{CE9B175A-469E-4516-8E48-E247B5A9BB22}.Debug|Any CPU.Build.0 = Debug|Any CPU
		{CE9B175A-469E-4516-8E48-E247B5A9BB22}.Release|Any CPU.ActiveCfg = Release|Any CPU
		{CE9B175A-469E-4516-8E48-E247B5A9BB22}.Release|Any CPU.Build.0 = Release|Any CPU
		{31D01055-4BBF-4DBD-8A56-D3F4CF3AC6C7}.Debug|Any CPU.ActiveCfg = Debug|Any CPU
		{31D01055-4BBF-4DBD-8A56-D3F4CF3AC6C7}.Debug|Any CPU.Build.0 = Debug|Any CPU
		{31D01055-4BBF-4DBD-8A56-D3F4CF3AC6C7}.Release|Any CPU.ActiveCfg = Release|Any CPU
		{31D01055-4BBF-4DBD-8A56-D3F4CF3AC6C7}.Release|Any CPU.Build.0 = Release|Any CPU
		{56BFD17F-C8DC-4CD0-A1C0-1E1CC92C19B0}.Debug|Any CPU.ActiveCfg = Debug|Any CPU
		{56BFD17F-C8DC-4CD0-A1C0-1E1CC92C19B0}.Debug|Any CPU.Build.0 = Debug|Any CPU
		{56BFD17F-C8DC-4CD0-A1C0-1E1CC92C19B0}.Release|Any CPU.ActiveCfg = Release|Any CPU
		{56BFD17F-C8DC-4CD0-A1C0-1E1CC92C19B0}.Release|Any CPU.Build.0 = Release|Any CPU
		{5972260D-CB71-4494-8D7D-15C92C2D34D1}.Debug|Any CPU.ActiveCfg = Debug|Any CPU
		{5972260D-CB71-4494-8D7D-15C92C2D34D1}.Debug|Any CPU.Build.0 = Debug|Any CPU
		{5972260D-CB71-4494-8D7D-15C92C2D34D1}.Release|Any CPU.ActiveCfg = Release|Any CPU
		{5972260D-CB71-4494-8D7D-15C92C2D34D1}.Release|Any CPU.Build.0 = Release|Any CPU
		{5559CCB1-61DC-4909-9D50-BEB33018248F}.Debug|Any CPU.ActiveCfg = Debug|Any CPU
		{5559CCB1-61DC-4909-9D50-BEB33018248F}.Debug|Any CPU.Build.0 = Debug|Any CPU
		{5559CCB1-61DC-4909-9D50-BEB33018248F}.Release|Any CPU.ActiveCfg = Release|Any CPU
		{5559CCB1-61DC-4909-9D50-BEB33018248F}.Release|Any CPU.Build.0 = Release|Any CPU
		{56DC7DEF-0ABD-40FF-953B-1EC8138B666F}.Debug|Any CPU.ActiveCfg = Debug|Any CPU
		{56DC7DEF-0ABD-40FF-953B-1EC8138B666F}.Debug|Any CPU.Build.0 = Debug|Any CPU
		{56DC7DEF-0ABD-40FF-953B-1EC8138B666F}.Release|Any CPU.ActiveCfg = Release|Any CPU
		{56DC7DEF-0ABD-40FF-953B-1EC8138B666F}.Release|Any CPU.Build.0 = Release|Any CPU
		{E04FED97-FE65-4493-90A4-5ADFC1175ACA}.Debug|Any CPU.ActiveCfg = Debug|Any CPU
		{E04FED97-FE65-4493-90A4-5ADFC1175ACA}.Debug|Any CPU.Build.0 = Debug|Any CPU
		{E04FED97-FE65-4493-90A4-5ADFC1175ACA}.Release|Any CPU.ActiveCfg = Release|Any CPU
		{E04FED97-FE65-4493-90A4-5ADFC1175ACA}.Release|Any CPU.Build.0 = Release|Any CPU
		{7420D4E7-D504-451F-9666-77975506F132}.Debug|Any CPU.ActiveCfg = Debug|Any CPU
		{7420D4E7-D504-451F-9666-77975506F132}.Debug|Any CPU.Build.0 = Debug|Any CPU
		{7420D4E7-D504-451F-9666-77975506F132}.Release|Any CPU.ActiveCfg = Release|Any CPU
		{7420D4E7-D504-451F-9666-77975506F132}.Release|Any CPU.Build.0 = Release|Any CPU
		{1964305D-D0BF-4372-9AC7-480AE5C7D456}.Debug|Any CPU.ActiveCfg = Debug|Any CPU
		{1964305D-D0BF-4372-9AC7-480AE5C7D456}.Debug|Any CPU.Build.0 = Debug|Any CPU
		{1964305D-D0BF-4372-9AC7-480AE5C7D456}.Release|Any CPU.ActiveCfg = Release|Any CPU
		{1964305D-D0BF-4372-9AC7-480AE5C7D456}.Release|Any CPU.Build.0 = Release|Any CPU
		{B1FF514F-14E3-4819-8D38-98DAA7CB2138}.Debug|Any CPU.ActiveCfg = Debug|Any CPU
		{B1FF514F-14E3-4819-8D38-98DAA7CB2138}.Debug|Any CPU.Build.0 = Debug|Any CPU
		{B1FF514F-14E3-4819-8D38-98DAA7CB2138}.Release|Any CPU.ActiveCfg = Release|Any CPU
		{B1FF514F-14E3-4819-8D38-98DAA7CB2138}.Release|Any CPU.Build.0 = Release|Any CPU
		{AB5F2D98-73EB-4EC6-A8B6-9DA07129673E}.Debug|Any CPU.ActiveCfg = Debug|Any CPU
		{AB5F2D98-73EB-4EC6-A8B6-9DA07129673E}.Debug|Any CPU.Build.0 = Debug|Any CPU
		{AB5F2D98-73EB-4EC6-A8B6-9DA07129673E}.Release|Any CPU.ActiveCfg = Release|Any CPU
		{AB5F2D98-73EB-4EC6-A8B6-9DA07129673E}.Release|Any CPU.Build.0 = Release|Any CPU
	EndGlobalSection
	GlobalSection(SolutionProperties) = preSolution
		HideSolutionNode = FALSE
	EndGlobalSection
	GlobalSection(NestedProjects) = preSolution
		{32508486-C6A7-429F-8989-126A05BCF0A2} = {C6F44DC2-670C-4374-A6EA-1AEE5DEECD9A}
		{5B9F95F8-4306-43A2-A7D4-ED43F205AB96} = {32508486-C6A7-429F-8989-126A05BCF0A2}
		{20F18034-A2B3-44F7-8F85-AA228FEBEE2D} = {C6F44DC2-670C-4374-A6EA-1AEE5DEECD9A}
		{31D01055-4BBF-4DBD-8A56-D3F4CF3AC6C7} = {20F18034-A2B3-44F7-8F85-AA228FEBEE2D}
		{340B94EB-B1A2-4F12-B5DB-C58D4B272070} = {C6F44DC2-670C-4374-A6EA-1AEE5DEECD9A}
		{56BFD17F-C8DC-4CD0-A1C0-1E1CC92C19B0} = {340B94EB-B1A2-4F12-B5DB-C58D4B272070}
		{5972260D-CB71-4494-8D7D-15C92C2D34D1} = {340B94EB-B1A2-4F12-B5DB-C58D4B272070}
		{D7EA247C-AAAD-4B99-B26A-546E32EF095F} = {C6F44DC2-670C-4374-A6EA-1AEE5DEECD9A}
		{5559CCB1-61DC-4909-9D50-BEB33018248F} = {D7EA247C-AAAD-4B99-B26A-546E32EF095F}
		{56DC7DEF-0ABD-40FF-953B-1EC8138B666F} = {D7EA247C-AAAD-4B99-B26A-546E32EF095F}
		{E04FED97-FE65-4493-90A4-5ADFC1175ACA} = {D7EA247C-AAAD-4B99-B26A-546E32EF095F}
		{7420D4E7-D504-451F-9666-77975506F132} = {D7EA247C-AAAD-4B99-B26A-546E32EF095F}
		{1964305D-D0BF-4372-9AC7-480AE5C7D456} = {3B51C1E4-B583-400F-9A75-37F11507C620}
		{B1FF514F-14E3-4819-8D38-98DAA7CB2138} = {2F2EB4B4-C62A-4B6C-A59C-984C85947A8F}
		{AB5F2D98-73EB-4EC6-A8B6-9DA07129673E} = {2F2EB4B4-C62A-4B6C-A59C-984C85947A8F}
	EndGlobalSection
	GlobalSection(ExtensibilityGlobals) = postSolution
		SolutionGuid = {9BF170E9-F67D-41B3-AB8C-63F267328E9D}
	EndGlobalSection
EndGlobal
